// !$*UTF8*$!
{
	archiveVersion = 1;
	classes = {
	};
	objectVersion = 46;
	objects = {

/* Begin PBXBuildFile section */
		202C27981A684685000E775E /* AppDelegate.swift in Sources */ = {isa = PBXBuildFile; fileRef = 202C27971A684685000E775E /* AppDelegate.swift */; };
		202C279A1A684685000E775E /* ViewController.swift in Sources */ = {isa = PBXBuildFile; fileRef = 202C27991A684685000E775E /* ViewController.swift */; };
		202C279D1A684685000E775E /* Main.storyboard in Resources */ = {isa = PBXBuildFile; fileRef = 202C279B1A684685000E775E /* Main.storyboard */; };
		202C279F1A684685000E775E /* Images.xcassets in Resources */ = {isa = PBXBuildFile; fileRef = 202C279E1A684685000E775E /* Images.xcassets */; };
		202C27A21A684685000E775E /* LaunchScreen.xib in Resources */ = {isa = PBXBuildFile; fileRef = 202C27A01A684685000E775E /* LaunchScreen.xib */; };
		202C27AE1A684685000E775E /* Tip_CalculatorTests.swift in Sources */ = {isa = PBXBuildFile; fileRef = 202C27AD1A684685000E775E /* Tip_CalculatorTests.swift */; };
/* End PBXBuildFile section */

/* Begin PBXContainerItemProxy section */
		202C27A81A684685000E775E /* PBXContainerItemProxy */ = {
			isa = PBXContainerItemProxy;
			containerPortal = 202C278A1A684685000E775E /* Project object */;
			proxyType = 1;
			remoteGlobalIDString = 202C27911A684685000E775E;
			remoteInfo = "Tip Calculator";
		};
/* End PBXContainerItemProxy section */

/* Begin PBXFileReference section */
		202C27921A684685000E775E /* Tip Calculator.app */ = {isa = PBXFileReference; explicitFileType = wrapper.application; includeInIndex = 0; path = "Tip Calculator.app"; sourceTree = BUILT_PRODUCTS_DIR; };
		202C27961A684685000E775E /* Info.plist */ = {isa = PBXFileReference; lastKnownFileType = text.plist.xml; path = Info.plist; sourceTree = "<group>"; };
		202C27971A684685000E775E /* AppDelegate.swift */ = {isa = PBXFileReference; lastKnownFileType = sourcecode.swift; path = AppDelegate.swift; sourceTree = "<group>"; };
		202C27991A684685000E775E /* ViewController.swift */ = {isa = PBXFileReference; lastKnownFileType = sourcecode.swift; path = ViewController.swift; sourceTree = "<group>"; };
		202C279C1A684685000E775E /* Base */ = {isa = PBXFileReference; lastKnownFileType = file.storyboard; name = Base; path = Base.lproj/Main.storyboard; sourceTree = "<group>"; };
		202C279E1A684685000E775E /* Images.xcassets */ = {isa = PBXFileReference; lastKnownFileType = folder.assetcatalog; path = Images.xcassets; sourceTree = "<group>"; };
		202C27A11A684685000E775E /* Base */ = {isa = PBXFileReference; lastKnownFileType = file.xib; name = Base; path = Base.lproj/LaunchScreen.xib; sourceTree = "<group>"; };
		202C27A71A684685000E775E /* Tip CalculatorTests.xctest */ = {isa = PBXFileReference; explicitFileType = wrapper.cfbundle; includeInIndex = 0; path = "Tip CalculatorTests.xctest"; sourceTree = BUILT_PRODUCTS_DIR; };
		202C27AC1A684685000E775E /* Info.plist */ = {isa = PBXFileReference; lastKnownFileType = text.plist.xml; path = Info.plist; sourceTree = "<group>"; };
		202C27AD1A684685000E775E /* Tip_CalculatorTests.swift */ = {isa = PBXFileReference; lastKnownFileType = sourcecode.swift; path = Tip_CalculatorTests.swift; sourceTree = "<group>"; };
/* End PBXFileReference section */

/* Begin PBXFrameworksBuildPhase section */
		202C278F1A684685000E775E /* Frameworks */ = {
			isa = PBXFrameworksBuildPhase;
			buildActionMask = 2147483647;
			files = (
			);
			runOnlyForDeploymentPostprocessing = 0;
		};
		202C27A41A684685000E775E /* Frameworks */ = {
			isa = PBXFrameworksBuildPhase;
			buildActionMask = 2147483647;
			files = (
			);
			runOnlyForDeploymentPostprocessing = 0;
		};
/* End PBXFrameworksBuildPhase section */

/* Begin PBXGroup section */
		202C27891A684685000E775E = {
			isa = PBXGroup;
			children = (
				202C27941A684685000E775E /* Tip Calculator */,
				202C27AA1A684685000E775E /* Tip CalculatorTests */,
				202C27931A684685000E775E /* Products */,
			);
			sourceTree = "<group>";
		};
		202C27931A684685000E775E /* Products */ = {
			isa = PBXGroup;
			children = (
				202C27921A684685000E775E /* Tip Calculator.app */,
				202C27A71A684685000E775E /* Tip CalculatorTests.xctest */,
			);
			name = Products;
			sourceTree = "<group>";
		};
		202C27941A684685000E775E /* Tip Calculator */ = {
			isa = PBXGroup;
			children = (
				202C27971A684685000E775E /* AppDelegate.swift */,
				202C27991A684685000E775E /* ViewController.swift */,
				202C279B1A684685000E775E /* Main.storyboard */,
				202C279E1A684685000E775E /* Images.xcassets */,
				202C27A01A684685000E775E /* LaunchScreen.xib */,
				202C27951A684685000E775E /* Supporting Files */,
			);
			path = "Tip Calculator";
			sourceTree = "<group>";
		};
		202C27951A684685000E775E /* Supporting Files */ = {
			isa = PBXGroup;
			children = (
				202C27961A684685000E775E /* Info.plist */,
			);
			name = "Supporting Files";
			sourceTree = "<group>";
		};
		202C27AA1A684685000E775E /* Tip CalculatorTests */ = {
			isa = PBXGroup;
			children = (
				202C27AD1A684685000E775E /* Tip_CalculatorTests.swift */,
				202C27AB1A684685000E775E /* Supporting Files */,
			);
			path = "Tip CalculatorTests";
			sourceTree = "<group>";
		};
		202C27AB1A684685000E775E /* Supporting Files */ = {
			isa = PBXGroup;
			children = (
				202C27AC1A684685000E775E /* Info.plist */,
			);
			name = "Supporting Files";
			sourceTree = "<group>";
		};
/* End PBXGroup section */

/* Begin PBXNativeTarget section */
		202C27911A684685000E775E /* Tip Calculator */ = {
			isa = PBXNativeTarget;
			buildConfigurationList = 202C27B11A684685000E775E /* Build configuration list for PBXNativeTarget "Tip Calculator" */;
			buildPhases = (
				202C278E1A684685000E775E /* Sources */,
				202C278F1A684685000E775E /* Frameworks */,
				202C27901A684685000E775E /* Resources */,
			);
			buildRules = (
			);
			dependencies = (
			);
			name = "Tip Calculator";
			productName = "Tip Calculator";
			productReference = 202C27921A684685000E775E /* Tip Calculator.app */;
			productType = "com.apple.product-type.application";
		};
		202C27A61A684685000E775E /* Tip CalculatorTests */ = {
			isa = PBXNativeTarget;
			buildConfigurationList = 202C27B41A684685000E775E /* Build configuration list for PBXNativeTarget "Tip CalculatorTests" */;
			buildPhases = (
				202C27A31A684685000E775E /* Sources */,
				202C27A41A684685000E775E /* Frameworks */,
				202C27A51A684685000E775E /* Resources */,
			);
			buildRules = (
			);
			dependencies = (
				202C27A91A684685000E775E /* PBXTargetDependency */,
			);
			name = "Tip CalculatorTests";
			productName = "Tip CalculatorTests";
			productReference = 202C27A71A684685000E775E /* Tip CalculatorTests.xctest */;
			productType = "com.apple.product-type.bundle.unit-test";
		};
/* End PBXNativeTarget section */

/* Begin PBXProject section */
		202C278A1A684685000E775E /* Project object */ = {
			isa = PBXProject;
			attributes = {
				LastUpgradeCheck = 0610;
				ORGANIZATIONNAME = "Mimming Codes";
				TargetAttributes = {
					202C27911A684685000E775E = {
						CreatedOnToolsVersion = 6.1.1;
					};
					202C27A61A684685000E775E = {
						CreatedOnToolsVersion = 6.1.1;
						TestTargetID = 202C27911A684685000E775E;
					};
				};
			};
			buildConfigurationList = 202C278D1A684685000E775E /* Build configuration list for PBXProject "Tip Calculator" */;
			compatibilityVersion = "Xcode 3.2";
			developmentRegion = English;
			hasScannedForEncodings = 0;
			knownRegions = (
				en,
				Base,
			);
			mainGroup = 202C27891A684685000E775E;
			productRefGroup = 202C27931A684685000E775E /* Products */;
			projectDirPath = "";
			projectRoot = "";
			targets = (
				202C27911A684685000E775E /* Tip Calculator */,
				202C27A61A684685000E775E /* Tip CalculatorTests */,
			);
		};
/* End PBXProject section */

/* Begin PBXResourcesBuildPhase section */
		202C27901A684685000E775E /* Resources */ = {
			isa = PBXResourcesBuildPhase;
			buildActionMask = 2147483647;
			files = (
				202C279D1A684685000E775E /* Main.storyboard in Resources */,
				202C27A21A684685000E775E /* LaunchScreen.xib in Resources */,
				202C279F1A684685000E775E /* Images.xcassets in Resources */,
			);
			runOnlyForDeploymentPostprocessing = 0;
		};
		202C27A51A684685000E775E /* Resources */ = {
			isa = PBXResourcesBuildPhase;
			buildActionMask = 2147483647;
			files = (
			);
			runOnlyForDeploymentPostprocessing = 0;
		};
/* End PBXResourcesBuildPhase section */

/* Begin PBXSourcesBuildPhase section */
		202C278E1A684685000E775E /* Sources */ = {
			isa = PBXSourcesBuildPhase;
			buildActionMask = 2147483647;
			files = (
				202C279A1A684685000E775E /* ViewController.swift in Sources */,
				202C27981A684685000E775E /* AppDelegate.swift in Sources */,
			);
			runOnlyForDeploymentPostprocessing = 0;
		};
		202C27A31A684685000E775E /* Sources */ = {
			isa = PBXSourcesBuildPhase;
			buildActionMask = 2147483647;
			files = (
				202C27AE1A684685000E775E /* Tip_CalculatorTests.swift in Sources */,
			);
			runOnlyForDeploymentPostprocessing = 0;
		};
/* End PBXSourcesBuildPhase section */

/* Begin PBXTargetDependency section */
		202C27A91A684685000E775E /* PBXTargetDependency */ = {
			isa = PBXTargetDependency;
			target = 202C27911A684685000E775E /* Tip Calculator */;
			targetProxy = 202C27A81A684685000E775E /* PBXContainerItemProxy */;
		};
/* End PBXTargetDependency section */

/* Begin PBXVariantGroup section */
		202C279B1A684685000E775E /* Main.storyboard */ = {
			isa = PBXVariantGroup;
			children = (
				202C279C1A684685000E775E /* Base */,
			);
			name = Main.storyboard;
			sourceTree = "<group>";
		};
		202C27A01A684685000E775E /* LaunchScreen.xib */ = {
			isa = PBXVariantGroup;
			children = (
				202C27A11A684685000E775E /* Base */,
			);
			name = LaunchScreen.xib;
			sourceTree = "<group>";
		};
/* End PBXVariantGroup section */

/* Begin XCBuildConfiguration section */
		202C27AF1A684685000E775E /* Debug */ = {
			isa = XCBuildConfiguration;
			buildSettings = {
				ALWAYS_SEARCH_USER_PATHS = NO;
				CLANG_CXX_LANGUAGE_STANDARD = "gnu++0x";
				CLANG_CXX_LIBRARY = "libc++";
				CLANG_ENABLE_MODULES = YES;
				CLANG_ENABLE_OBJC_ARC = YES;
				CLANG_WARN_BOOL_CONVERSION = YES;
				CLANG_WARN_CONSTANT_CONVERSION = YES;
				CLANG_WARN_DIRECT_OBJC_ISA_USAGE = YES_ERROR;
				CLANG_WARN_EMPTY_BODY = YES;
				CLANG_WARN_ENUM_CONVERSION = YES;
				CLANG_WARN_INT_CONVERSION = YES;
				CLANG_WARN_OBJC_ROOT_CLASS = YES_ERROR;
				CLANG_WARN_UNREACHABLE_CODE = YES;
				CLANG_WARN__DUPLICATE_METHOD_MATCH = YES;
				"CODE_SIGN_IDENTITY[sdk=iphoneos*]" = "iPhone Developer";
				COPY_PHASE_STRIP = NO;
				ENABLE_STRICT_OBJC_MSGSEND = YES;
				GCC_C_LANGUAGE_STANDARD = gnu99;
				GCC_DYNAMIC_NO_PIC = NO;
				GCC_OPTIMIZATION_LEVEL = 0;
				GCC_PREPROCESSOR_DEFINITIONS = (
					"DEBUG=1",
					"$(inherited)",
				);
				GCC_SYMBOLS_PRIVATE_EXTERN = NO;
				GCC_WARN_64_TO_32_BIT_CONVERSION = YES;
				GCC_WARN_ABOUT_RETURN_TYPE = YES_ERROR;
				GCC_WARN_UNDECLARED_SELECTOR = YES;
				GCC_WARN_UNINITIALIZED_AUTOS = YES_AGGRESSIVE;
				GCC_WARN_UNUSED_FUNCTION = YES;
				GCC_WARN_UNUSED_VARIABLE = YES;
				IPHONEOS_DEPLOYMENT_TARGET = 8.1;
				MTL_ENABLE_DEBUG_INFO = YES;
				ONLY_ACTIVE_ARCH = YES;
				SDKROOT = iphoneos;
				SWIFT_OPTIMIZATION_LEVEL = "-Onone";
				TARGETED_DEVICE_FAMILY = "1,2";
			};
			name = Debug;
		};
		202C27B01A684685000E775E /* Release */ = {
			isa = XCBuildConfiguration;
			buildSettings = {
				ALWAYS_SEARCH_USER_PATHS = NO;
				CLANG_CXX_LANGUAGE_STANDARD = "gnu++0x";
				CLANG_CXX_LIBRARY = "libc++";
				CLANG_ENABLE_MODULES = YES;
				CLANG_ENABLE_OBJC_ARC = YES;
				CLANG_WARN_BOOL_CONVERSION = YES;
				CLANG_WARN_CONSTANT_CONVERSION = YES;
				CLANG_WARN_DIRECT_OBJC_ISA_USAGE = YES_ERROR;
				CLANG_WARN_EMPTY_BODY = YES;
				CLANG_WARN_ENUM_CONVERSION = YES;
				CLANG_WARN_INT_CONVERSION = YES;
				CLANG_WARN_OBJC_ROOT_CLASS = YES_ERROR;
				CLANG_WARN_UNREACHABLE_CODE = YES;
				CLANG_WARN__DUPLICATE_METHOD_MATCH = YES;
				"CODE_SIGN_IDENTITY[sdk=iphoneos*]" = "iPhone Developer";
				COPY_PHASE_STRIP = YES;
				ENABLE_NS_ASSERTIONS = NO;
				ENABLE_STRICT_OBJC_MSGSEND = YES;
				GCC_C_LANGUAGE_STANDARD = gnu99;
				GCC_WARN_64_TO_32_BIT_CONVERSION = YES;
				GCC_WARN_ABOUT_RETURN_TYPE = YES_ERROR;
				GCC_WARN_UNDECLARED_SELECTOR = YES;
				GCC_WARN_UNINITIALIZED_AUTOS = YES_AGGRESSIVE;
				GCC_WARN_UNUSED_FUNCTION = YES;
				GCC_WARN_UNUSED_VARIABLE = YES;
				IPHONEOS_DEPLOYMENT_TARGET = 8.1;
				MTL_ENABLE_DEBUG_INFO = NO;
				SDKROOT = iphoneos;
				TARGETED_DEVICE_FAMILY = "1,2";
				VALIDATE_PRODUCT = YES;
			};
			name = Release;
		};
		202C27B21A684685000E775E /* Debug */ = {
			isa = XCBuildConfiguration;
			buildSettings = {
				ASSETCATALOG_COMPILER_APPICON_NAME = AppIcon;
				INFOPLIST_FILE = "Tip Calculator/Info.plist";
				LD_RUNPATH_SEARCH_PATHS = "$(inherited) @executable_path/Frameworks";
				PRODUCT_NAME = "$(TARGET_NAME)";
			};
			name = Debug;
		};
		202C27B31A684685000E775E /* Release */ = {
			isa = XCBuildConfiguration;
			buildSettings = {
				ASSETCATALOG_COMPILER_APPICON_NAME = AppIcon;
				INFOPLIST_FILE = "Tip Calculator/Info.plist";
				LD_RUNPATH_SEARCH_PATHS = "$(inherited) @executable_path/Frameworks";
				PRODUCT_NAME = "$(TARGET_NAME)";
			};
			name = Release;
		};
		202C27B51A684685000E775E /* Debug */ = {
			isa = XCBuildConfiguration;
			buildSettings = {
				BUNDLE_LOADER = "$(TEST_HOST)";
				FRAMEWORK_SEARCH_PATHS = (
					"$(SDKROOT)/Developer/Library/Frameworks",
					"$(inherited)",
				);
				GCC_PREPROCESSOR_DEFINITIONS = (
					"DEBUG=1",
					"$(inherited)",
				);
				INFOPLIST_FILE = "Tip CalculatorTests/Info.plist";
				LD_RUNPATH_SEARCH_PATHS = "$(inherited) @executable_path/Frameworks @loader_path/Frameworks";
				PRODUCT_NAME = "$(TARGET_NAME)";
				TEST_HOST = "$(BUILT_PRODUCTS_DIR)/Tip Calculator.app/Tip Calculator";
			};
			name = Debug;
		};
		202C27B61A684685000E775E /* Release */ = {
			isa = XCBuildConfiguration;
			buildSettings = {
				BUNDLE_LOADER = "$(TEST_HOST)";
				FRAMEWORK_SEARCH_PATHS = (
					"$(SDKROOT)/Developer/Library/Frameworks",
					"$(inherited)",
				);
				INFOPLIST_FILE = "Tip CalculatorTests/Info.plist";
				LD_RUNPATH_SEARCH_PATHS = "$(inherited) @executable_path/Frameworks @loader_path/Frameworks";
				PRODUCT_NAME = "$(TARGET_NAME)";
				TEST_HOST = "$(BUILT_PRODUCTS_DIR)/Tip Calculator.app/Tip Calculator";
			};
			name = Release;
		};
/* End XCBuildConfiguration section */

/* Begin XCConfigurationList section */
		202C278D1A684685000E775E /* Build configuration list for PBXProject "Tip Calculator" */ = {
			isa = XCConfigurationList;
			buildConfigurations = (
				202C27AF1A684685000E775E /* Debug */,
				202C27B01A684685000E775E /* Release */,
			);
			defaultConfigurationIsVisible = 0;
			defaultConfigurationName = Release;
		};
		202C27B11A684685000E775E /* Build configuration list for PBXNativeTarget "Tip Calculator" */ = {
			isa = XCConfigurationList;
			buildConfigurations = (
				202C27B21A684685000E775E /* Debug */,
				202C27B31A684685000E775E /* Release */,
			);
			defaultConfigurationIsVisible = 0;
		};
		202C27B41A684685000E775E /* Build configuration list for PBXNativeTarget "Tip CalculatorTests" */ = {
			isa = XCConfigurationList;
			buildConfigurations = (
				202C27B51A684685000E775E /* Debug */,
				202C27B61A684685000E775E /* Release */,
			);
			defaultConfigurationIsVisible = 0;
		};
/* End XCConfigurationList section */
	};
	rootObject = 202C278A1A684685000E775E /* Project object */;
}
